// !$*UTF8*$!
{
	archiveVersion = 1;
	classes = {
	};
	objectVersion = 48;
	objects = {

/* Begin PBXBuildFile section */
		1679B0E520B5741300EE7E5A /* AppDelegate.swift in Sources */ = {isa = PBXBuildFile; fileRef = 1679B0E420B5741300EE7E5A /* AppDelegate.swift */; };
		1679B0E720B5741300EE7E5A /* ViewController.swift in Sources */ = {isa = PBXBuildFile; fileRef = 1679B0E620B5741300EE7E5A /* ViewController.swift */; };
		1679B0EA20B5741300EE7E5A /* Main.storyboard in Resources */ = {isa = PBXBuildFile; fileRef = 1679B0E820B5741300EE7E5A /* Main.storyboard */; };
		1679B0EC20B5741300EE7E5A /* Assets.xcassets in Resources */ = {isa = PBXBuildFile; fileRef = 1679B0EB20B5741300EE7E5A /* Assets.xcassets */; };
		1679B0EF20B5741300EE7E5A /* LaunchScreen.storyboard in Resources */ = {isa = PBXBuildFile; fileRef = 1679B0ED20B5741300EE7E5A /* LaunchScreen.storyboard */; };
		1679B0FA20B5741300EE7E5A /* DVCarouselTests.swift in Sources */ = {isa = PBXBuildFile; fileRef = 1679B0F920B5741300EE7E5A /* DVCarouselTests.swift */; };
		1679B10520B5741300EE7E5A /* DVCarouselUITests.swift in Sources */ = {isa = PBXBuildFile; fileRef = 1679B10420B5741300EE7E5A /* DVCarouselUITests.swift */; };
/* End PBXBuildFile section */

/* Begin PBXContainerItemProxy section */
		1679B0F620B5741300EE7E5A /* PBXContainerItemProxy */ = {
			isa = PBXContainerItemProxy;
			containerPortal = 1679B0D920B5741300EE7E5A /* Project object */;
			proxyType = 1;
			remoteGlobalIDString = 1679B0E020B5741300EE7E5A;
			remoteInfo = DVCarousel;
		};
		1679B10120B5741300EE7E5A /* PBXContainerItemProxy */ = {
			isa = PBXContainerItemProxy;
			containerPortal = 1679B0D920B5741300EE7E5A /* Project object */;
			proxyType = 1;
			remoteGlobalIDString = 1679B0E020B5741300EE7E5A;
			remoteInfo = DVCarousel;
		};
/* End PBXContainerItemProxy section */

/* Begin PBXFileReference section */
		1679B0E120B5741300EE7E5A /* DVCarousel.app */ = {isa = PBXFileReference; explicitFileType = wrapper.application; includeInIndex = 0; path = DVCarousel.app; sourceTree = BUILT_PRODUCTS_DIR; };
		1679B0E420B5741300EE7E5A /* AppDelegate.swift */ = {isa = PBXFileReference; lastKnownFileType = sourcecode.swift; path = AppDelegate.swift; sourceTree = "<group>"; };
		1679B0E620B5741300EE7E5A /* ViewController.swift */ = {isa = PBXFileReference; lastKnownFileType = sourcecode.swift; path = ViewController.swift; sourceTree = "<group>"; };
		1679B0E920B5741300EE7E5A /* Base */ = {isa = PBXFileReference; lastKnownFileType = file.storyboard; name = Base; path = Base.lproj/Main.storyboard; sourceTree = "<group>"; };
		1679B0EB20B5741300EE7E5A /* Assets.xcassets */ = {isa = PBXFileReference; lastKnownFileType = folder.assetcatalog; path = Assets.xcassets; sourceTree = "<group>"; };
		1679B0EE20B5741300EE7E5A /* Base */ = {isa = PBXFileReference; lastKnownFileType = file.storyboard; name = Base; path = Base.lproj/LaunchScreen.storyboard; sourceTree = "<group>"; };
		1679B0F020B5741300EE7E5A /* Info.plist */ = {isa = PBXFileReference; lastKnownFileType = text.plist.xml; path = Info.plist; sourceTree = "<group>"; };
		1679B0F520B5741300EE7E5A /* DVCarouselTests.xctest */ = {isa = PBXFileReference; explicitFileType = wrapper.cfbundle; includeInIndex = 0; path = DVCarouselTests.xctest; sourceTree = BUILT_PRODUCTS_DIR; };
		1679B0F920B5741300EE7E5A /* DVCarouselTests.swift */ = {isa = PBXFileReference; lastKnownFileType = sourcecode.swift; path = DVCarouselTests.swift; sourceTree = "<group>"; };
		1679B0FB20B5741300EE7E5A /* Info.plist */ = {isa = PBXFileReference; lastKnownFileType = text.plist.xml; path = Info.plist; sourceTree = "<group>"; };
		1679B10020B5741300EE7E5A /* DVCarouselUITests.xctest */ = {isa = PBXFileReference; explicitFileType = wrapper.cfbundle; includeInIndex = 0; path = DVCarouselUITests.xctest; sourceTree = BUILT_PRODUCTS_DIR; };
		1679B10420B5741300EE7E5A /* DVCarouselUITests.swift */ = {isa = PBXFileReference; lastKnownFileType = sourcecode.swift; path = DVCarouselUITests.swift; sourceTree = "<group>"; };
		1679B10620B5741300EE7E5A /* Info.plist */ = {isa = PBXFileReference; lastKnownFileType = text.plist.xml; path = Info.plist; sourceTree = "<group>"; };
/* End PBXFileReference section */

/* Begin PBXFrameworksBuildPhase section */
		1679B0DE20B5741300EE7E5A /* Frameworks */ = {
			isa = PBXFrameworksBuildPhase;
			buildActionMask = 2147483647;
			files = (
			);
			runOnlyForDeploymentPostprocessing = 0;
		};
		1679B0F220B5741300EE7E5A /* Frameworks */ = {
			isa = PBXFrameworksBuildPhase;
			buildActionMask = 2147483647;
			files = (
			);
			runOnlyForDeploymentPostprocessing = 0;
		};
		1679B0FD20B5741300EE7E5A /* Frameworks */ = {
			isa = PBXFrameworksBuildPhase;
			buildActionMask = 2147483647;
			files = (
			);
			runOnlyForDeploymentPostprocessing = 0;
		};
/* End PBXFrameworksBuildPhase section */

/* Begin PBXGroup section */
		1679B0D820B5741300EE7E5A = {
			isa = PBXGroup;
			children = (
				1679B0E320B5741300EE7E5A /* DVCarousel */,
				1679B0F820B5741300EE7E5A /* DVCarouselTests */,
				1679B10320B5741300EE7E5A /* DVCarouselUITests */,
				1679B0E220B5741300EE7E5A /* Products */,
			);
			sourceTree = "<group>";
		};
		1679B0E220B5741300EE7E5A /* Products */ = {
			isa = PBXGroup;
			children = (
				1679B0E120B5741300EE7E5A /* DVCarousel.app */,
				1679B0F520B5741300EE7E5A /* DVCarouselTests.xctest */,
				1679B10020B5741300EE7E5A /* DVCarouselUITests.xctest */,
			);
			name = Products;
			sourceTree = "<group>";
		};
		1679B0E320B5741300EE7E5A /* DVCarousel */ = {
			isa = PBXGroup;
			children = (
				1679B0E420B5741300EE7E5A /* AppDelegate.swift */,
				1679B0E620B5741300EE7E5A /* ViewController.swift */,
				1679B0E820B5741300EE7E5A /* Main.storyboard */,
				1679B0EB20B5741300EE7E5A /* Assets.xcassets */,
				1679B0ED20B5741300EE7E5A /* LaunchScreen.storyboard */,
				1679B0F020B5741300EE7E5A /* Info.plist */,
			);
			path = DVCarousel;
			sourceTree = "<group>";
		};
		1679B0F820B5741300EE7E5A /* DVCarouselTests */ = {
			isa = PBXGroup;
			children = (
				1679B0F920B5741300EE7E5A /* DVCarouselTests.swift */,
				1679B0FB20B5741300EE7E5A /* Info.plist */,
			);
			path = DVCarouselTests;
			sourceTree = "<group>";
		};
		1679B10320B5741300EE7E5A /* DVCarouselUITests */ = {
			isa = PBXGroup;
			children = (
				1679B10420B5741300EE7E5A /* DVCarouselUITests.swift */,
				1679B10620B5741300EE7E5A /* Info.plist */,
			);
			path = DVCarouselUITests;
			sourceTree = "<group>";
		};
/* End PBXGroup section */

/* Begin PBXNativeTarget section */
		1679B0E020B5741300EE7E5A /* DVCarousel */ = {
			isa = PBXNativeTarget;
			buildConfigurationList = 1679B10920B5741300EE7E5A /* Build configuration list for PBXNativeTarget "DVCarousel" */;
			buildPhases = (
				1679B0DD20B5741300EE7E5A /* Sources */,
				1679B0DE20B5741300EE7E5A /* Frameworks */,
				1679B0DF20B5741300EE7E5A /* Resources */,
			);
			buildRules = (
			);
			dependencies = (
			);
			name = DVCarousel;
			productName = DVCarousel;
			productReference = 1679B0E120B5741300EE7E5A /* DVCarousel.app */;
			productType = "com.apple.product-type.application";
		};
		1679B0F420B5741300EE7E5A /* DVCarouselTests */ = {
			isa = PBXNativeTarget;
			buildConfigurationList = 1679B10C20B5741300EE7E5A /* Build configuration list for PBXNativeTarget "DVCarouselTests" */;
			buildPhases = (
				1679B0F120B5741300EE7E5A /* Sources */,
				1679B0F220B5741300EE7E5A /* Frameworks */,
				1679B0F320B5741300EE7E5A /* Resources */,
			);
			buildRules = (
			);
			dependencies = (
				1679B0F720B5741300EE7E5A /* PBXTargetDependency */,
			);
			name = DVCarouselTests;
			productName = DVCarouselTests;
			productReference = 1679B0F520B5741300EE7E5A /* DVCarouselTests.xctest */;
			productType = "com.apple.product-type.bundle.unit-test";
		};
		1679B0FF20B5741300EE7E5A /* DVCarouselUITests */ = {
			isa = PBXNativeTarget;
			buildConfigurationList = 1679B10F20B5741300EE7E5A /* Build configuration list for PBXNativeTarget "DVCarouselUITests" */;
			buildPhases = (
				1679B0FC20B5741300EE7E5A /* Sources */,
				1679B0FD20B5741300EE7E5A /* Frameworks */,
				1679B0FE20B5741300EE7E5A /* Resources */,
			);
			buildRules = (
			);
			dependencies = (
				1679B10220B5741300EE7E5A /* PBXTargetDependency */,
			);
			name = DVCarouselUITests;
			productName = DVCarouselUITests;
			productReference = 1679B10020B5741300EE7E5A /* DVCarouselUITests.xctest */;
			productType = "com.apple.product-type.bundle.ui-testing";
		};
/* End PBXNativeTarget section */

/* Begin PBXProject section */
		1679B0D920B5741300EE7E5A /* Project object */ = {
			isa = PBXProject;
			attributes = {
				LastSwiftUpdateCheck = 0920;
				LastUpgradeCheck = 0920;
				ORGANIZATIONNAME = david;
				TargetAttributes = {
					1679B0E020B5741300EE7E5A = {
						CreatedOnToolsVersion = 9.2;
						ProvisioningStyle = Automatic;
					};
					1679B0F420B5741300EE7E5A = {
						CreatedOnToolsVersion = 9.2;
						ProvisioningStyle = Automatic;
						TestTargetID = 1679B0E020B5741300EE7E5A;
					};
					1679B0FF20B5741300EE7E5A = {
						CreatedOnToolsVersion = 9.2;
						ProvisioningStyle = Automatic;
						TestTargetID = 1679B0E020B5741300EE7E5A;
					};
				};
			};
			buildConfigurationList = 1679B0DC20B5741300EE7E5A /* Build configuration list for PBXProject "DVCarousel" */;
			compatibilityVersion = "Xcode 8.0";
			developmentRegion = en;
			hasScannedForEncodings = 0;
			knownRegions = (
				en,
				Base,
			);
			mainGroup = 1679B0D820B5741300EE7E5A;
			productRefGroup = 1679B0E220B5741300EE7E5A /* Products */;
			projectDirPath = "";
			projectRoot = "";
			targets = (
				1679B0E020B5741300EE7E5A /* DVCarousel */,
				1679B0F420B5741300EE7E5A /* DVCarouselTests */,
				1679B0FF20B5741300EE7E5A /* DVCarouselUITests */,
			);
		};
/* End PBXProject section */

/* Begin PBXResourcesBuildPhase section */
		1679B0DF20B5741300EE7E5A /* Resources */ = {
			isa = PBXResourcesBuildPhase;
			buildActionMask = 2147483647;
			files = (
				1679B0EF20B5741300EE7E5A /* LaunchScreen.storyboard in Resources */,
				1679B0EC20B5741300EE7E5A /* Assets.xcassets in Resources */,
				1679B0EA20B5741300EE7E5A /* Main.storyboard in Resources */,
			);
			runOnlyForDeploymentPostprocessing = 0;
		};
		1679B0F320B5741300EE7E5A /* Resources */ = {
			isa = PBXResourcesBuildPhase;
			buildActionMask = 2147483647;
			files = (
			);
			runOnlyForDeploymentPostprocessing = 0;
		};
		1679B0FE20B5741300EE7E5A /* Resources */ = {
			isa = PBXResourcesBuildPhase;
			buildActionMask = 2147483647;
			files = (
			);
			runOnlyForDeploymentPostprocessing = 0;
		};
/* End PBXResourcesBuildPhase section */

/* Begin PBXSourcesBuildPhase section */
		1679B0DD20B5741300EE7E5A /* Sources */ = {
			isa = PBXSourcesBuildPhase;
			buildActionMask = 2147483647;
			files = (
				1679B0E720B5741300EE7E5A /* ViewController.swift in Sources */,
				1679B0E520B5741300EE7E5A /* AppDelegate.swift in Sources */,
			);
			runOnlyForDeploymentPostprocessing = 0;
		};
		1679B0F120B5741300EE7E5A /* Sources */ = {
			isa = PBXSourcesBuildPhase;
			buildActionMask = 2147483647;
			files = (
				1679B0FA20B5741300EE7E5A /* DVCarouselTests.swift in Sources */,
			);
			runOnlyForDeploymentPostprocessing = 0;
		};
		1679B0FC20B5741300EE7E5A /* Sources */ = {
			isa = PBXSourcesBuildPhase;
			buildActionMask = 2147483647;
			files = (
				1679B10520B5741300EE7E5A /* DVCarouselUITests.swift in Sources */,
			);
			runOnlyForDeploymentPostprocessing = 0;
		};
/* End PBXSourcesBuildPhase section */

/* Begin PBXTargetDependency section */
		1679B0F720B5741300EE7E5A /* PBXTargetDependency */ = {
			isa = PBXTargetDependency;
			target = 1679B0E020B5741300EE7E5A /* DVCarousel */;
			targetProxy = 1679B0F620B5741300EE7E5A /* PBXContainerItemProxy */;
		};
		1679B10220B5741300EE7E5A /* PBXTargetDependency */ = {
			isa = PBXTargetDependency;
			target = 1679B0E020B5741300EE7E5A /* DVCarousel */;
			targetProxy = 1679B10120B5741300EE7E5A /* PBXContainerItemProxy */;
		};
/* End PBXTargetDependency section */

/* Begin PBXVariantGroup section */
		1679B0E820B5741300EE7E5A /* Main.storyboard */ = {
			isa = PBXVariantGroup;
			children = (
				1679B0E920B5741300EE7E5A /* Base */,
			);
			name = Main.storyboard;
			sourceTree = "<group>";
		};
		1679B0ED20B5741300EE7E5A /* LaunchScreen.storyboard */ = {
			isa = PBXVariantGroup;
			children = (
				1679B0EE20B5741300EE7E5A /* Base */,
			);
			name = LaunchScreen.storyboard;
			sourceTree = "<group>";
		};
/* End PBXVariantGroup section */

/* Begin XCBuildConfiguration section */
		1679B10720B5741300EE7E5A /* Debug */ = {
			isa = XCBuildConfiguration;
			buildSettings = {
				ALWAYS_SEARCH_USER_PATHS = NO;
				CLANG_ANALYZER_NONNULL = YES;
				CLANG_ANALYZER_NUMBER_OBJECT_CONVERSION = YES_AGGRESSIVE;
				CLANG_CXX_LANGUAGE_STANDARD = "gnu++14";
				CLANG_CXX_LIBRARY = "libc++";
				CLANG_ENABLE_MODULES = YES;
				CLANG_ENABLE_OBJC_ARC = YES;
				CLANG_WARN_BLOCK_CAPTURE_AUTORELEASING = YES;
				CLANG_WARN_BOOL_CONVERSION = YES;
				CLANG_WARN_COMMA = YES;
				CLANG_WARN_CONSTANT_CONVERSION = YES;
				CLANG_WARN_DIRECT_OBJC_ISA_USAGE = YES_ERROR;
				CLANG_WARN_DOCUMENTATION_COMMENTS = YES;
				CLANG_WARN_EMPTY_BODY = YES;
				CLANG_WARN_ENUM_CONVERSION = YES;
				CLANG_WARN_INFINITE_RECURSION = YES;
				CLANG_WARN_INT_CONVERSION = YES;
				CLANG_WARN_NON_LITERAL_NULL_CONVERSION = YES;
				CLANG_WARN_OBJC_LITERAL_CONVERSION = YES;
				CLANG_WARN_OBJC_ROOT_CLASS = YES_ERROR;
				CLANG_WARN_RANGE_LOOP_ANALYSIS = YES;
				CLANG_WARN_STRICT_PROTOTYPES = YES;
				CLANG_WARN_SUSPICIOUS_MOVE = YES;
				CLANG_WARN_UNGUARDED_AVAILABILITY = YES_AGGRESSIVE;
				CLANG_WARN_UNREACHABLE_CODE = YES;
				CLANG_WARN__DUPLICATE_METHOD_MATCH = YES;
				CODE_SIGN_IDENTITY = "iPhone Developer";
				COPY_PHASE_STRIP = NO;
				DEBUG_INFORMATION_FORMAT = dwarf;
				ENABLE_STRICT_OBJC_MSGSEND = YES;
				ENABLE_TESTABILITY = YES;
				GCC_C_LANGUAGE_STANDARD = gnu11;
				GCC_DYNAMIC_NO_PIC = NO;
				GCC_NO_COMMON_BLOCKS = YES;
				GCC_OPTIMIZATION_LEVEL = 0;
				GCC_PREPROCESSOR_DEFINITIONS = (
					"DEBUG=1",
					"$(inherited)",
				);
				GCC_WARN_64_TO_32_BIT_CONVERSION = YES;
				GCC_WARN_ABOUT_RETURN_TYPE = YES_ERROR;
				GCC_WARN_UNDECLARED_SELECTOR = YES;
				GCC_WARN_UNINITIALIZED_AUTOS = YES_AGGRESSIVE;
				GCC_WARN_UNUSED_FUNCTION = YES;
				GCC_WARN_UNUSED_VARIABLE = YES;
				IPHONEOS_DEPLOYMENT_TARGET = 11.2;
				MTL_ENABLE_DEBUG_INFO = YES;
				ONLY_ACTIVE_ARCH = YES;
				SDKROOT = iphoneos;
				SWIFT_ACTIVE_COMPILATION_CONDITIONS = DEBUG;
				SWIFT_OPTIMIZATION_LEVEL = "-Onone";
			};
			name = Debug;
		};
		1679B10820B5741300EE7E5A /* Release */ = {
			isa = XCBuildConfiguration;
			buildSettings = {
				ALWAYS_SEARCH_USER_PATHS = NO;
				CLANG_ANALYZER_NONNULL = YES;
				CLANG_ANALYZER_NUMBER_OBJECT_CONVERSION = YES_AGGRESSIVE;
				CLANG_CXX_LANGUAGE_STANDARD = "gnu++14";
				CLANG_CXX_LIBRARY = "libc++";
				CLANG_ENABLE_MODULES = YES;
				CLANG_ENABLE_OBJC_ARC = YES;
				CLANG_WARN_BLOCK_CAPTURE_AUTORELEASING = YES;
				CLANG_WARN_BOOL_CONVERSION = YES;
				CLANG_WARN_COMMA = YES;
				CLANG_WARN_CONSTANT_CONVERSION = YES;
				CLANG_WARN_DIRECT_OBJC_ISA_USAGE = YES_ERROR;
				CLANG_WARN_DOCUMENTATION_COMMENTS = YES;
				CLANG_WARN_EMPTY_BODY = YES;
				CLANG_WARN_ENUM_CONVERSION = YES;
				CLANG_WARN_INFINITE_RECURSION = YES;
				CLANG_WARN_INT_CONVERSION = YES;
				CLANG_WARN_NON_LITERAL_NULL_CONVERSION = YES;
				CLANG_WARN_OBJC_LITERAL_CONVERSION = YES;
				CLANG_WARN_OBJC_ROOT_CLASS = YES_ERROR;
				CLANG_WARN_RANGE_LOOP_ANALYSIS = YES;
				CLANG_WARN_STRICT_PROTOTYPES = YES;
				CLANG_WARN_SUSPICIOUS_MOVE = YES;
				CLANG_WARN_UNGUARDED_AVAILABILITY = YES_AGGRESSIVE;
				CLANG_WARN_UNREACHABLE_CODE = YES;
				CLANG_WARN__DUPLICATE_METHOD_MATCH = YES;
				CODE_SIGN_IDENTITY = "iPhone Developer";
				COPY_PHASE_STRIP = NO;
				DEBUG_INFORMATION_FORMAT = "dwarf-with-dsym";
				ENABLE_NS_ASSERTIONS = NO;
				ENABLE_STRICT_OBJC_MSGSEND = YES;
				GCC_C_LANGUAGE_STANDARD = gnu11;
				GCC_NO_COMMON_BLOCKS = YES;
				GCC_WARN_64_TO_32_BIT_CONVERSION = YES;
				GCC_WARN_ABOUT_RETURN_TYPE = YES_ERROR;
				GCC_WARN_UNDECLARED_SELECTOR = YES;
				GCC_WARN_UNINITIALIZED_AUTOS = YES_AGGRESSIVE;
				GCC_WARN_UNUSED_FUNCTION = YES;
				GCC_WARN_UNUSED_VARIABLE = YES;
				IPHONEOS_DEPLOYMENT_TARGET = 11.2;
				MTL_ENABLE_DEBUG_INFO = NO;
				SDKROOT = iphoneos;
				SWIFT_OPTIMIZATION_LEVEL = "-Owholemodule";
				VALIDATE_PRODUCT = YES;
			};
			name = Release;
		};
		1679B10A20B5741300EE7E5A /* Debug */ = {
			isa = XCBuildConfiguration;
			buildSettings = {
				ASSETCATALOG_COMPILER_APPICON_NAME = AppIcon;
				CODE_SIGN_STYLE = Automatic;
				INFOPLIST_FILE = DVCarousel/Info.plist;
				LD_RUNPATH_SEARCH_PATHS = "$(inherited) @executable_path/Frameworks";
				PRODUCT_BUNDLE_IDENTIFIER = iber.DVCarousel;
				PRODUCT_NAME = "$(TARGET_NAME)";
				SWIFT_VERSION = 4.0;
				TARGETED_DEVICE_FAMILY = "1,2";
			};
			name = Debug;
		};
		1679B10B20B5741300EE7E5A /* Release */ = {
			isa = XCBuildConfiguration;
			buildSettings = {
				ASSETCATALOG_COMPILER_APPICON_NAME = AppIcon;
				CODE_SIGN_STYLE = Automatic;
				INFOPLIST_FILE = DVCarousel/Info.plist;
				LD_RUNPATH_SEARCH_PATHS = "$(inherited) @executable_path/Frameworks";
				PRODUCT_BUNDLE_IDENTIFIER = iber.DVCarousel;
				PRODUCT_NAME = "$(TARGET_NAME)";
				SWIFT_VERSION = 4.0;
				TARGETED_DEVICE_FAMILY = "1,2";
			};
			name = Release;
		};
		1679B10D20B5741300EE7E5A /* Debug */ = {
			isa = XCBuildConfiguration;
			buildSettings = {
				ALWAYS_EMBED_SWIFT_STANDARD_LIBRARIES = YES;
				BUNDLE_LOADER = "$(TEST_HOST)";
				CODE_SIGN_STYLE = Automatic;
				INFOPLIST_FILE = DVCarouselTests/Info.plist;
				LD_RUNPATH_SEARCH_PATHS = "$(inherited) @executable_path/Frameworks @loader_path/Frameworks";
				PRODUCT_BUNDLE_IDENTIFIER = iber.DVCarouselTests;
				PRODUCT_NAME = "$(TARGET_NAME)";
				SWIFT_VERSION = 4.0;
				TARGETED_DEVICE_FAMILY = "1,2";
				TEST_HOST = "$(BUILT_PRODUCTS_DIR)/DVCarousel.app/DVCarousel";
			};
			name = Debug;
		};
		1679B10E20B5741300EE7E5A /* Release */ = {
			isa = XCBuildConfiguration;
			buildSettings = {
				ALWAYS_EMBED_SWIFT_STANDARD_LIBRARIES = YES;
				BUNDLE_LOADER = "$(TEST_HOST)";
				CODE_SIGN_STYLE = Automatic;
				INFOPLIST_FILE = DVCarouselTests/Info.plist;
				LD_RUNPATH_SEARCH_PATHS = "$(inherited) @executable_path/Frameworks @loader_path/Frameworks";
				PRODUCT_BUNDLE_IDENTIFIER = iber.DVCarouselTests;
				PRODUCT_NAME = "$(TARGET_NAME)";
				SWIFT_VERSION = 4.0;
				TARGETED_DEVICE_FAMILY = "1,2";
				TEST_HOST = "$(BUILT_PRODUCTS_DIR)/DVCarousel.app/DVCarousel";
			};
			name = Release;
		};
		1679B11020B5741300EE7E5A /* Debug */ = {
			isa = XCBuildConfiguration;
			buildSettings = {
				ALWAYS_EMBED_SWIFT_STANDARD_LIBRARIES = YES;
				CODE_SIGN_STYLE = Automatic;
				INFOPLIST_FILE = DVCarouselUITests/Info.plist;
				LD_RUNPATH_SEARCH_PATHS = "$(inherited) @executable_path/Frameworks @loader_path/Frameworks";
				PRODUCT_BUNDLE_IDENTIFIER = iber.DVCarouselUITests;
				PRODUCT_NAME = "$(TARGET_NAME)";
				SWIFT_VERSION = 4.0;
				TARGETED_DEVICE_FAMILY = "1,2";
				TEST_TARGET_NAME = DVCarousel;
			};
			name = Debug;
		};
		1679B11120B5741300EE7E5A /* Release */ = {
			isa = XCBuildConfiguration;
			buildSettings = {
				ALWAYS_EMBED_SWIFT_STANDARD_LIBRARIES = YES;
				CODE_SIGN_STYLE = Automatic;
				INFOPLIST_FILE = DVCarouselUITests/Info.plist;
				LD_RUNPATH_SEARCH_PATHS = "$(inherited) @executable_path/Frameworks @loader_path/Frameworks";
				PRODUCT_BUNDLE_IDENTIFIER = iber.DVCarouselUITests;
				PRODUCT_NAME = "$(TARGET_NAME)";
				SWIFT_VERSION = 4.0;
				TARGETED_DEVICE_FAMILY = "1,2";
				TEST_TARGET_NAME = DVCarousel;
			};
			name = Release;
		};
/* End XCBuildConfiguration section */

/* Begin XCConfigurationList section */
		1679B0DC20B5741300EE7E5A /* Build configuration list for PBXProject "DVCarousel" */ = {
			isa = XCConfigurationList;
			buildConfigurations = (
				1679B10720B5741300EE7E5A /* Debug */,
				1679B10820B5741300EE7E5A /* Release */,
			);
			defaultConfigurationIsVisible = 0;
			defaultConfigurationName = Release;
		};
		1679B10920B5741300EE7E5A /* Build configuration list for PBXNativeTarget "DVCarousel" */ = {
			isa = XCConfigurationList;
			buildConfigurations = (
				1679B10A20B5741300EE7E5A /* Debug */,
				1679B10B20B5741300EE7E5A /* Release */,
			);
			defaultConfigurationIsVisible = 0;
			defaultConfigurationName = Release;
		};
		1679B10C20B5741300EE7E5A /* Build configuration list for PBXNativeTarget "DVCarouselTests" */ = {
			isa = XCConfigurationList;
			buildConfigurations = (
				1679B10D20B5741300EE7E5A /* Debug */,
				1679B10E20B5741300EE7E5A /* Release */,
			);
			defaultConfigurationIsVisible = 0;
			defaultConfigurationName = Release;
		};
		1679B10F20B5741300EE7E5A /* Build configuration list for PBXNativeTarget "DVCarouselUITests" */ = {
			isa = XCConfigurationList;
			buildConfigurations = (
				1679B11020B5741300EE7E5A /* Debug */,
				1679B11120B5741300EE7E5A /* Release */,
			);
			defaultConfigurationIsVisible = 0;
			defaultConfigurationName = Release;
		};
/* End XCConfigurationList section */
	};
	rootObject = 1679B0D920B5741300EE7E5A /* Project object */;
}
